// !$*UTF8*$!
{
	archiveVersion = 1;
	classes = {
	};
	objectVersion = 55;
	objects = {

/* Begin PBXBuildFile section */
		0CE543287C1C9E7846E09832 /* Pods_Tumblr_TumblrUITests.framework in Frameworks */ = {isa = PBXBuildFile; fileRef = 35DE3FAF42D825889ADE19AD /* Pods_Tumblr_TumblrUITests.framework */; };
		BD826E98AAE3C12B650FF506 /* Pods_Tumblr.framework in Frameworks */ = {isa = PBXBuildFile; fileRef = 221563A523A875F0E6E67307 /* Pods_Tumblr.framework */; };
		CDBADF08285A887200085880 /* AppDelegate.m in Sources */ = {isa = PBXBuildFile; fileRef = CDBADF07285A887200085880 /* AppDelegate.m */; };
		CDBADF0B285A887200085880 /* SceneDelegate.m in Sources */ = {isa = PBXBuildFile; fileRef = CDBADF0A285A887200085880 /* SceneDelegate.m */; };
		CDBADF11285A887200085880 /* Main.storyboard in Resources */ = {isa = PBXBuildFile; fileRef = CDBADF0F285A887200085880 /* Main.storyboard */; };
		CDBADF13285A887300085880 /* Assets.xcassets in Resources */ = {isa = PBXBuildFile; fileRef = CDBADF12285A887300085880 /* Assets.xcassets */; };
		CDBADF16285A887300085880 /* LaunchScreen.storyboard in Resources */ = {isa = PBXBuildFile; fileRef = CDBADF14285A887300085880 /* LaunchScreen.storyboard */; };
		CDBADF19285A887300085880 /* main.m in Sources */ = {isa = PBXBuildFile; fileRef = CDBADF18285A887300085880 /* main.m */; };
		CDBADF23285A887300085880 /* TumblrTests.m in Sources */ = {isa = PBXBuildFile; fileRef = CDBADF22285A887300085880 /* TumblrTests.m */; };
		CDBADF2D285A887300085880 /* TumblrUITests.m in Sources */ = {isa = PBXBuildFile; fileRef = CDBADF2C285A887300085880 /* TumblrUITests.m */; };
		CDBADF2F285A887300085880 /* TumblrUITestsLaunchTests.m in Sources */ = {isa = PBXBuildFile; fileRef = CDBADF2E285A887300085880 /* TumblrUITestsLaunchTests.m */; };
		CDBADF3D285A8A7500085880 /* PhotosViewController.m in Sources */ = {isa = PBXBuildFile; fileRef = CDBADF3C285A8A7500085880 /* PhotosViewController.m */; };
		CDBADF40285A8F6100085880 /* TableViewCell.m in Sources */ = {isa = PBXBuildFile; fileRef = CDBADF3F285A8F6100085880 /* TableViewCell.m */; };
		D34EC2E2297BDFF76FA6D0BE /* Pods_TumblrTests.framework in Frameworks */ = {isa = PBXBuildFile; fileRef = 7634674D717BC28C154DD7C5 /* Pods_TumblrTests.framework */; };
/* End PBXBuildFile section */

/* Begin PBXContainerItemProxy section */
		CDBADF1F285A887300085880 /* PBXContainerItemProxy */ = {
			isa = PBXContainerItemProxy;
			containerPortal = CDBADEFB285A887200085880 /* Project object */;
			proxyType = 1;
			remoteGlobalIDString = CDBADF02285A887200085880;
			remoteInfo = Tumblr;
		};
		CDBADF29285A887300085880 /* PBXContainerItemProxy */ = {
			isa = PBXContainerItemProxy;
			containerPortal = CDBADEFB285A887200085880 /* Project object */;
			proxyType = 1;
			remoteGlobalIDString = CDBADF02285A887200085880;
			remoteInfo = Tumblr;
		};
/* End PBXContainerItemProxy section */

/* Begin PBXFileReference section */
		08BA49A44EDAB5934C4CB9C4 /* Pods-TumblrTests.release.xcconfig */ = {isa = PBXFileReference; includeInIndex = 1; lastKnownFileType = text.xcconfig; name = "Pods-TumblrTests.release.xcconfig"; path = "Target Support Files/Pods-TumblrTests/Pods-TumblrTests.release.xcconfig"; sourceTree = "<group>"; };
		22105E180FB56685F0AB3110 /* Pods-Tumblr.release.xcconfig */ = {isa = PBXFileReference; includeInIndex = 1; lastKnownFileType = text.xcconfig; name = "Pods-Tumblr.release.xcconfig"; path = "Target Support Files/Pods-Tumblr/Pods-Tumblr.release.xcconfig"; sourceTree = "<group>"; };
		221563A523A875F0E6E67307 /* Pods_Tumblr.framework */ = {isa = PBXFileReference; explicitFileType = wrapper.framework; includeInIndex = 0; path = Pods_Tumblr.framework; sourceTree = BUILT_PRODUCTS_DIR; };
		35DE3FAF42D825889ADE19AD /* Pods_Tumblr_TumblrUITests.framework */ = {isa = PBXFileReference; explicitFileType = wrapper.framework; includeInIndex = 0; path = Pods_Tumblr_TumblrUITests.framework; sourceTree = BUILT_PRODUCTS_DIR; };
		4FB00BD69B6914A6C4BC4831 /* Pods-Tumblr.debug.xcconfig */ = {isa = PBXFileReference; includeInIndex = 1; lastKnownFileType = text.xcconfig; name = "Pods-Tumblr.debug.xcconfig"; path = "Target Support Files/Pods-Tumblr/Pods-Tumblr.debug.xcconfig"; sourceTree = "<group>"; };
		7634674D717BC28C154DD7C5 /* Pods_TumblrTests.framework */ = {isa = PBXFileReference; explicitFileType = wrapper.framework; includeInIndex = 0; path = Pods_TumblrTests.framework; sourceTree = BUILT_PRODUCTS_DIR; };
		83D742FDEFF118AE18E564D5 /* Pods-Tumblr-TumblrUITests.release.xcconfig */ = {isa = PBXFileReference; includeInIndex = 1; lastKnownFileType = text.xcconfig; name = "Pods-Tumblr-TumblrUITests.release.xcconfig"; path = "Target Support Files/Pods-Tumblr-TumblrUITests/Pods-Tumblr-TumblrUITests.release.xcconfig"; sourceTree = "<group>"; };
		8B5F7442E9990EAC7A57EC95 /* Pods-TumblrTests.debug.xcconfig */ = {isa = PBXFileReference; includeInIndex = 1; lastKnownFileType = text.xcconfig; name = "Pods-TumblrTests.debug.xcconfig"; path = "Target Support Files/Pods-TumblrTests/Pods-TumblrTests.debug.xcconfig"; sourceTree = "<group>"; };
		9A9838558BFCE1CF0F5699D2 /* Pods-Tumblr-TumblrUITests.debug.xcconfig */ = {isa = PBXFileReference; includeInIndex = 1; lastKnownFileType = text.xcconfig; name = "Pods-Tumblr-TumblrUITests.debug.xcconfig"; path = "Target Support Files/Pods-Tumblr-TumblrUITests/Pods-Tumblr-TumblrUITests.debug.xcconfig"; sourceTree = "<group>"; };
		CDBADF03285A887200085880 /* Tumblr.app */ = {isa = PBXFileReference; explicitFileType = wrapper.application; includeInIndex = 0; path = Tumblr.app; sourceTree = BUILT_PRODUCTS_DIR; };
		CDBADF06285A887200085880 /* AppDelegate.h */ = {isa = PBXFileReference; lastKnownFileType = sourcecode.c.h; path = AppDelegate.h; sourceTree = "<group>"; };
		CDBADF07285A887200085880 /* AppDelegate.m */ = {isa = PBXFileReference; lastKnownFileType = sourcecode.c.objc; path = AppDelegate.m; sourceTree = "<group>"; };
		CDBADF09285A887200085880 /* SceneDelegate.h */ = {isa = PBXFileReference; lastKnownFileType = sourcecode.c.h; path = SceneDelegate.h; sourceTree = "<group>"; };
		CDBADF0A285A887200085880 /* SceneDelegate.m */ = {isa = PBXFileReference; lastKnownFileType = sourcecode.c.objc; path = SceneDelegate.m; sourceTree = "<group>"; };
		CDBADF10285A887200085880 /* Base */ = {isa = PBXFileReference; lastKnownFileType = file.storyboard; name = Base; path = Base.lproj/Main.storyboard; sourceTree = "<group>"; };
		CDBADF12285A887300085880 /* Assets.xcassets */ = {isa = PBXFileReference; lastKnownFileType = folder.assetcatalog; path = Assets.xcassets; sourceTree = "<group>"; };
		CDBADF15285A887300085880 /* Base */ = {isa = PBXFileReference; lastKnownFileType = file.storyboard; name = Base; path = Base.lproj/LaunchScreen.storyboard; sourceTree = "<group>"; };
		CDBADF17285A887300085880 /* Info.plist */ = {isa = PBXFileReference; lastKnownFileType = text.plist.xml; path = Info.plist; sourceTree = "<group>"; };
		CDBADF18285A887300085880 /* main.m */ = {isa = PBXFileReference; lastKnownFileType = sourcecode.c.objc; path = main.m; sourceTree = "<group>"; };
		CDBADF1E285A887300085880 /* TumblrTests.xctest */ = {isa = PBXFileReference; explicitFileType = wrapper.cfbundle; includeInIndex = 0; path = TumblrTests.xctest; sourceTree = BUILT_PRODUCTS_DIR; };
		CDBADF22285A887300085880 /* TumblrTests.m */ = {isa = PBXFileReference; lastKnownFileType = sourcecode.c.objc; path = TumblrTests.m; sourceTree = "<group>"; };
		CDBADF28285A887300085880 /* TumblrUITests.xctest */ = {isa = PBXFileReference; explicitFileType = wrapper.cfbundle; includeInIndex = 0; path = TumblrUITests.xctest; sourceTree = BUILT_PRODUCTS_DIR; };
		CDBADF2C285A887300085880 /* TumblrUITests.m */ = {isa = PBXFileReference; lastKnownFileType = sourcecode.c.objc; path = TumblrUITests.m; sourceTree = "<group>"; };
		CDBADF2E285A887300085880 /* TumblrUITestsLaunchTests.m */ = {isa = PBXFileReference; lastKnownFileType = sourcecode.c.objc; path = TumblrUITestsLaunchTests.m; sourceTree = "<group>"; };
		CDBADF3B285A8A7500085880 /* PhotosViewController.h */ = {isa = PBXFileReference; lastKnownFileType = sourcecode.c.h; path = PhotosViewController.h; sourceTree = "<group>"; };
		CDBADF3C285A8A7500085880 /* PhotosViewController.m */ = {isa = PBXFileReference; lastKnownFileType = sourcecode.c.objc; path = PhotosViewController.m; sourceTree = "<group>"; };
		CDBADF3E285A8F6100085880 /* TableViewCell.h */ = {isa = PBXFileReference; lastKnownFileType = sourcecode.c.h; path = TableViewCell.h; sourceTree = "<group>"; };
		CDBADF3F285A8F6100085880 /* TableViewCell.m */ = {isa = PBXFileReference; lastKnownFileType = sourcecode.c.objc; path = TableViewCell.m; sourceTree = "<group>"; };
/* End PBXFileReference section */

/* Begin PBXFrameworksBuildPhase section */
		CDBADF00285A887200085880 /* Frameworks */ = {
			isa = PBXFrameworksBuildPhase;
			buildActionMask = 2147483647;
			files = (
				BD826E98AAE3C12B650FF506 /* Pods_Tumblr.framework in Frameworks */,
			);
			runOnlyForDeploymentPostprocessing = 0;
		};
		CDBADF1B285A887300085880 /* Frameworks */ = {
			isa = PBXFrameworksBuildPhase;
			buildActionMask = 2147483647;
			files = (
				D34EC2E2297BDFF76FA6D0BE /* Pods_TumblrTests.framework in Frameworks */,
			);
			runOnlyForDeploymentPostprocessing = 0;
		};
		CDBADF25285A887300085880 /* Frameworks */ = {
			isa = PBXFrameworksBuildPhase;
			buildActionMask = 2147483647;
			files = (
				0CE543287C1C9E7846E09832 /* Pods_Tumblr_TumblrUITests.framework in Frameworks */,
			);
			runOnlyForDeploymentPostprocessing = 0;
		};
/* End PBXFrameworksBuildPhase section */

/* Begin PBXGroup section */
		6862068AD652A813199BE2C6 /* Pods */ = {
			isa = PBXGroup;
			children = (
				4FB00BD69B6914A6C4BC4831 /* Pods-Tumblr.debug.xcconfig */,
				22105E180FB56685F0AB3110 /* Pods-Tumblr.release.xcconfig */,
				9A9838558BFCE1CF0F5699D2 /* Pods-Tumblr-TumblrUITests.debug.xcconfig */,
				83D742FDEFF118AE18E564D5 /* Pods-Tumblr-TumblrUITests.release.xcconfig */,
				8B5F7442E9990EAC7A57EC95 /* Pods-TumblrTests.debug.xcconfig */,
				08BA49A44EDAB5934C4CB9C4 /* Pods-TumblrTests.release.xcconfig */,
			);
			path = Pods;
			sourceTree = "<group>";
		};
		CDBADEFA285A887200085880 = {
			isa = PBXGroup;
			children = (
				CDBADF05285A887200085880 /* Tumblr */,
				CDBADF21285A887300085880 /* TumblrTests */,
				CDBADF2B285A887300085880 /* TumblrUITests */,
				CDBADF04285A887200085880 /* Products */,
				6862068AD652A813199BE2C6 /* Pods */,
				EF1AFB5DE262898B06B37D95 /* Frameworks */,
			);
			sourceTree = "<group>";
		};
		CDBADF04285A887200085880 /* Products */ = {
			isa = PBXGroup;
			children = (
				CDBADF03285A887200085880 /* Tumblr.app */,
				CDBADF1E285A887300085880 /* TumblrTests.xctest */,
				CDBADF28285A887300085880 /* TumblrUITests.xctest */,
			);
			name = Products;
			sourceTree = "<group>";
		};
		CDBADF05285A887200085880 /* Tumblr */ = {
			isa = PBXGroup;
			children = (
				CDBADF06285A887200085880 /* AppDelegate.h */,
				CDBADF07285A887200085880 /* AppDelegate.m */,
				CDBADF09285A887200085880 /* SceneDelegate.h */,
				CDBADF0A285A887200085880 /* SceneDelegate.m */,
				CDBADF0F285A887200085880 /* Main.storyboard */,
				CDBADF12285A887300085880 /* Assets.xcassets */,
				CDBADF14285A887300085880 /* LaunchScreen.storyboard */,
				CDBADF17285A887300085880 /* Info.plist */,
				CDBADF18285A887300085880 /* main.m */,
				CDBADF3B285A8A7500085880 /* PhotosViewController.h */,
				CDBADF3C285A8A7500085880 /* PhotosViewController.m */,
				CDBADF3E285A8F6100085880 /* TableViewCell.h */,
				CDBADF3F285A8F6100085880 /* TableViewCell.m */,
			);
			path = Tumblr;
			sourceTree = "<group>";
		};
		CDBADF21285A887300085880 /* TumblrTests */ = {
			isa = PBXGroup;
			children = (
				CDBADF22285A887300085880 /* TumblrTests.m */,
			);
			path = TumblrTests;
			sourceTree = "<group>";
		};
		CDBADF2B285A887300085880 /* TumblrUITests */ = {
			isa = PBXGroup;
			children = (
				CDBADF2C285A887300085880 /* TumblrUITests.m */,
				CDBADF2E285A887300085880 /* TumblrUITestsLaunchTests.m */,
			);
			path = TumblrUITests;
			sourceTree = "<group>";
		};
		EF1AFB5DE262898B06B37D95 /* Frameworks */ = {
			isa = PBXGroup;
			children = (
				221563A523A875F0E6E67307 /* Pods_Tumblr.framework */,
				35DE3FAF42D825889ADE19AD /* Pods_Tumblr_TumblrUITests.framework */,
				7634674D717BC28C154DD7C5 /* Pods_TumblrTests.framework */,
			);
			name = Frameworks;
			sourceTree = "<group>";
		};
/* End PBXGroup section */

/* Begin PBXNativeTarget section */
		CDBADF02285A887200085880 /* Tumblr */ = {
			isa = PBXNativeTarget;
			buildConfigurationList = CDBADF32285A887300085880 /* Build configuration list for PBXNativeTarget "Tumblr" */;
			buildPhases = (
				3D33921B8721C52B05633E8B /* [CP] Check Pods Manifest.lock */,
				CDBADEFF285A887200085880 /* Sources */,
				CDBADF00285A887200085880 /* Frameworks */,
				CDBADF01285A887200085880 /* Resources */,
				73F0409D0991B1888F0F7167 /* [CP] Embed Pods Frameworks */,
			);
			buildRules = (
			);
			dependencies = (
			);
			name = Tumblr;
			productName = Tumblr;
			productReference = CDBADF03285A887200085880 /* Tumblr.app */;
			productType = "com.apple.product-type.application";
		};
		CDBADF1D285A887300085880 /* TumblrTests */ = {
			isa = PBXNativeTarget;
			buildConfigurationList = CDBADF35285A887300085880 /* Build configuration list for PBXNativeTarget "TumblrTests" */;
			buildPhases = (
				AE798662CE6182C70C3F3B3D /* [CP] Check Pods Manifest.lock */,
				CDBADF1A285A887300085880 /* Sources */,
				CDBADF1B285A887300085880 /* Frameworks */,
				CDBADF1C285A887300085880 /* Resources */,
			);
			buildRules = (
			);
			dependencies = (
				CDBADF20285A887300085880 /* PBXTargetDependency */,
			);
			name = TumblrTests;
			productName = TumblrTests;
			productReference = CDBADF1E285A887300085880 /* TumblrTests.xctest */;
			productType = "com.apple.product-type.bundle.unit-test";
		};
		CDBADF27285A887300085880 /* TumblrUITests */ = {
			isa = PBXNativeTarget;
			buildConfigurationList = CDBADF38285A887300085880 /* Build configuration list for PBXNativeTarget "TumblrUITests" */;
			buildPhases = (
				EB5E1DB96D0369320A282AD7 /* [CP] Check Pods Manifest.lock */,
				CDBADF24285A887300085880 /* Sources */,
				CDBADF25285A887300085880 /* Frameworks */,
				CDBADF26285A887300085880 /* Resources */,
				8C801B29EC5223B738AB4C12 /* [CP] Embed Pods Frameworks */,
			);
			buildRules = (
			);
			dependencies = (
				CDBADF2A285A887300085880 /* PBXTargetDependency */,
			);
			name = TumblrUITests;
			productName = TumblrUITests;
			productReference = CDBADF28285A887300085880 /* TumblrUITests.xctest */;
			productType = "com.apple.product-type.bundle.ui-testing";
		};
/* End PBXNativeTarget section */

/* Begin PBXProject section */
		CDBADEFB285A887200085880 /* Project object */ = {
			isa = PBXProject;
			attributes = {
				BuildIndependentTargetsInParallel = 1;
				LastUpgradeCheck = 1340;
				TargetAttributes = {
					CDBADF02285A887200085880 = {
						CreatedOnToolsVersion = 13.4.1;
					};
					CDBADF1D285A887300085880 = {
						CreatedOnToolsVersion = 13.4.1;
						TestTargetID = CDBADF02285A887200085880;
					};
					CDBADF27285A887300085880 = {
						CreatedOnToolsVersion = 13.4.1;
						TestTargetID = CDBADF02285A887200085880;
					};
				};
			};
			buildConfigurationList = CDBADEFE285A887200085880 /* Build configuration list for PBXProject "Tumblr" */;
			compatibilityVersion = "Xcode 13.0";
			developmentRegion = en;
			hasScannedForEncodings = 0;
			knownRegions = (
				en,
				Base,
			);
			mainGroup = CDBADEFA285A887200085880;
			productRefGroup = CDBADF04285A887200085880 /* Products */;
			projectDirPath = "";
			projectRoot = "";
			targets = (
				CDBADF02285A887200085880 /* Tumblr */,
				CDBADF1D285A887300085880 /* TumblrTests */,
				CDBADF27285A887300085880 /* TumblrUITests */,
			);
		};
/* End PBXProject section */

/* Begin PBXResourcesBuildPhase section */
		CDBADF01285A887200085880 /* Resources */ = {
			isa = PBXResourcesBuildPhase;
			buildActionMask = 2147483647;
			files = (
				CDBADF16285A887300085880 /* LaunchScreen.storyboard in Resources */,
				CDBADF13285A887300085880 /* Assets.xcassets in Resources */,
				CDBADF11285A887200085880 /* Main.storyboard in Resources */,
			);
			runOnlyForDeploymentPostprocessing = 0;
		};
		CDBADF1C285A887300085880 /* Resources */ = {
			isa = PBXResourcesBuildPhase;
			buildActionMask = 2147483647;
			files = (
			);
			runOnlyForDeploymentPostprocessing = 0;
		};
		CDBADF26285A887300085880 /* Resources */ = {
			isa = PBXResourcesBuildPhase;
			buildActionMask = 2147483647;
			files = (
			);
			runOnlyForDeploymentPostprocessing = 0;
		};
/* End PBXResourcesBuildPhase section */

/* Begin PBXShellScriptBuildPhase section */
		3D33921B8721C52B05633E8B /* [CP] Check Pods Manifest.lock */ = {
			isa = PBXShellScriptBuildPhase;
			buildActionMask = 2147483647;
			files = (
			);
			inputFileListPaths = (
			);
			inputPaths = (
				"${PODS_PODFILE_DIR_PATH}/Podfile.lock",
				"${PODS_ROOT}/Manifest.lock",
			);
			name = "[CP] Check Pods Manifest.lock";
			outputFileListPaths = (
			);
			outputPaths = (
				"$(DERIVED_FILE_DIR)/Pods-Tumblr-checkManifestLockResult.txt",
			);
			runOnlyForDeploymentPostprocessing = 0;
			shellPath = /bin/sh;
			shellScript = "diff \"${PODS_PODFILE_DIR_PATH}/Podfile.lock\" \"${PODS_ROOT}/Manifest.lock\" > /dev/null\nif [ $? != 0 ] ; then\n    # print error to STDERR\n    echo \"error: The sandbox is not in sync with the Podfile.lock. Run 'pod install' or update your CocoaPods installation.\" >&2\n    exit 1\nfi\n# This output is used by Xcode 'outputs' to avoid re-running this script phase.\necho \"SUCCESS\" > \"${SCRIPT_OUTPUT_FILE_0}\"\n";
			showEnvVarsInLog = 0;
		};
		73F0409D0991B1888F0F7167 /* [CP] Embed Pods Frameworks */ = {
			isa = PBXShellScriptBuildPhase;
			buildActionMask = 2147483647;
			files = (
			);
			inputFileListPaths = (
				"${PODS_ROOT}/Target Support Files/Pods-Tumblr/Pods-Tumblr-frameworks-${CONFIGURATION}-input-files.xcfilelist",
			);
			name = "[CP] Embed Pods Frameworks";
			outputFileListPaths = (
				"${PODS_ROOT}/Target Support Files/Pods-Tumblr/Pods-Tumblr-frameworks-${CONFIGURATION}-output-files.xcfilelist",
			);
			runOnlyForDeploymentPostprocessing = 0;
			shellPath = /bin/sh;
			shellScript = "\"${PODS_ROOT}/Target Support Files/Pods-Tumblr/Pods-Tumblr-frameworks.sh\"\n";
			showEnvVarsInLog = 0;
		};
		8C801B29EC5223B738AB4C12 /* [CP] Embed Pods Frameworks */ = {
			isa = PBXShellScriptBuildPhase;
			buildActionMask = 2147483647;
			files = (
			);
			inputFileListPaths = (
				"${PODS_ROOT}/Target Support Files/Pods-Tumblr-TumblrUITests/Pods-Tumblr-TumblrUITests-frameworks-${CONFIGURATION}-input-files.xcfilelist",
			);
			name = "[CP] Embed Pods Frameworks";
			outputFileListPaths = (
				"${PODS_ROOT}/Target Support Files/Pods-Tumblr-TumblrUITests/Pods-Tumblr-TumblrUITests-frameworks-${CONFIGURATION}-output-files.xcfilelist",
			);
			runOnlyForDeploymentPostprocessing = 0;
			shellPath = /bin/sh;
			shellScript = "\"${PODS_ROOT}/Target Support Files/Pods-Tumblr-TumblrUITests/Pods-Tumblr-TumblrUITests-frameworks.sh\"\n";
			showEnvVarsInLog = 0;
		};
		AE798662CE6182C70C3F3B3D /* [CP] Check Pods Manifest.lock */ = {
			isa = PBXShellScriptBuildPhase;
			buildActionMask = 2147483647;
			files = (
			);
			inputFileListPaths = (
			);
			inputPaths = (
				"${PODS_PODFILE_DIR_PATH}/Podfile.lock",
				"${PODS_ROOT}/Manifest.lock",
			);
			name = "[CP] Check Pods Manifest.lock";
			outputFileListPaths = (
			);
			outputPaths = (
				"$(DERIVED_FILE_DIR)/Pods-TumblrTests-checkManifestLockResult.txt",
			);
			runOnlyForDeploymentPostprocessing = 0;
			shellPath = /bin/sh;
			shellScript = "diff \"${PODS_PODFILE_DIR_PATH}/Podfile.lock\" \"${PODS_ROOT}/Manifest.lock\" > /dev/null\nif [ $? != 0 ] ; then\n    # print error to STDERR\n    echo \"error: The sandbox is not in sync with the Podfile.lock. Run 'pod install' or update your CocoaPods installation.\" >&2\n    exit 1\nfi\n# This output is used by Xcode 'outputs' to avoid re-running this script phase.\necho \"SUCCESS\" > \"${SCRIPT_OUTPUT_FILE_0}\"\n";
			showEnvVarsInLog = 0;
		};
		EB5E1DB96D0369320A282AD7 /* [CP] Check Pods Manifest.lock */ = {
			isa = PBXShellScriptBuildPhase;
			buildActionMask = 2147483647;
			files = (
			);
			inputFileListPaths = (
			);
			inputPaths = (
				"${PODS_PODFILE_DIR_PATH}/Podfile.lock",
				"${PODS_ROOT}/Manifest.lock",
			);
			name = "[CP] Check Pods Manifest.lock";
			outputFileListPaths = (
			);
			outputPaths = (
				"$(DERIVED_FILE_DIR)/Pods-Tumblr-TumblrUITests-checkManifestLockResult.txt",
			);
			runOnlyForDeploymentPostprocessing = 0;
			shellPath = /bin/sh;
			shellScript = "diff \"${PODS_PODFILE_DIR_PATH}/Podfile.lock\" \"${PODS_ROOT}/Manifest.lock\" > /dev/null\nif [ $? != 0 ] ; then\n    # print error to STDERR\n    echo \"error: The sandbox is not in sync with the Podfile.lock. Run 'pod install' or update your CocoaPods installation.\" >&2\n    exit 1\nfi\n# This output is used by Xcode 'outputs' to avoid re-running this script phase.\necho \"SUCCESS\" > \"${SCRIPT_OUTPUT_FILE_0}\"\n";
			showEnvVarsInLog = 0;
		};
/* End PBXShellScriptBuildPhase section */

/* Begin PBXSourcesBuildPhase section */
		CDBADEFF285A887200085880 /* Sources */ = {
			isa = PBXSourcesBuildPhase;
			buildActionMask = 2147483647;
			files = (
				CDBADF08285A887200085880 /* AppDelegate.m in Sources */,
				CDBADF3D285A8A7500085880 /* PhotosViewController.m in Sources */,
				CDBADF19285A887300085880 /* main.m in Sources */,
				CDBADF40285A8F6100085880 /* TableViewCell.m in Sources */,
				CDBADF0B285A887200085880 /* SceneDelegate.m in Sources */,
			);
			runOnlyForDeploymentPostprocessing = 0;
		};
		CDBADF1A285A887300085880 /* Sources */ = {
			isa = PBXSourcesBuildPhase;
			buildActionMask = 2147483647;
			files = (
				CDBADF23285A887300085880 /* TumblrTests.m in Sources */,
			);
			runOnlyForDeploymentPostprocessing = 0;
		};
		CDBADF24285A887300085880 /* Sources */ = {
			isa = PBXSourcesBuildPhase;
			buildActionMask = 2147483647;
			files = (
				CDBADF2F285A887300085880 /* TumblrUITestsLaunchTests.m in Sources */,
				CDBADF2D285A887300085880 /* TumblrUITests.m in Sources */,
			);
			runOnlyForDeploymentPostprocessing = 0;
		};
/* End PBXSourcesBuildPhase section */

/* Begin PBXTargetDependency section */
		CDBADF20285A887300085880 /* PBXTargetDependency */ = {
			isa = PBXTargetDependency;
			target = CDBADF02285A887200085880 /* Tumblr */;
			targetProxy = CDBADF1F285A887300085880 /* PBXContainerItemProxy */;
		};
		CDBADF2A285A887300085880 /* PBXTargetDependency */ = {
			isa = PBXTargetDependency;
			target = CDBADF02285A887200085880 /* Tumblr */;
			targetProxy = CDBADF29285A887300085880 /* PBXContainerItemProxy */;
		};
/* End PBXTargetDependency section */

/* Begin PBXVariantGroup section */
		CDBADF0F285A887200085880 /* Main.storyboard */ = {
			isa = PBXVariantGroup;
			children = (
				CDBADF10285A887200085880 /* Base */,
			);
			name = Main.storyboard;
			sourceTree = "<group>";
		};
		CDBADF14285A887300085880 /* LaunchScreen.storyboard */ = {
			isa = PBXVariantGroup;
			children = (
				CDBADF15285A887300085880 /* Base */,
			);
			name = LaunchScreen.storyboard;
			sourceTree = "<group>";
		};
/* End PBXVariantGroup section */

/* Begin XCBuildConfiguration section */
		CDBADF30285A887300085880 /* Debug */ = {
			isa = XCBuildConfiguration;
			buildSettings = {
				ALWAYS_SEARCH_USER_PATHS = NO;
				CLANG_ANALYZER_NONNULL = YES;
				CLANG_ANALYZER_NUMBER_OBJECT_CONVERSION = YES_AGGRESSIVE;
				CLANG_CXX_LANGUAGE_STANDARD = "gnu++17";
				CLANG_ENABLE_MODULES = YES;
				CLANG_ENABLE_OBJC_ARC = YES;
				CLANG_ENABLE_OBJC_WEAK = YES;
				CLANG_WARN_BLOCK_CAPTURE_AUTORELEASING = YES;
				CLANG_WARN_BOOL_CONVERSION = YES;
				CLANG_WARN_COMMA = YES;
				CLANG_WARN_CONSTANT_CONVERSION = YES;
				CLANG_WARN_DEPRECATED_OBJC_IMPLEMENTATIONS = YES;
				CLANG_WARN_DIRECT_OBJC_ISA_USAGE = YES_ERROR;
				CLANG_WARN_DOCUMENTATION_COMMENTS = YES;
				CLANG_WARN_EMPTY_BODY = YES;
				CLANG_WARN_ENUM_CONVERSION = YES;
				CLANG_WARN_INFINITE_RECURSION = YES;
				CLANG_WARN_INT_CONVERSION = YES;
				CLANG_WARN_NON_LITERAL_NULL_CONVERSION = YES;
				CLANG_WARN_OBJC_IMPLICIT_RETAIN_SELF = YES;
				CLANG_WARN_OBJC_LITERAL_CONVERSION = YES;
				CLANG_WARN_OBJC_ROOT_CLASS = YES_ERROR;
				CLANG_WARN_QUOTED_INCLUDE_IN_FRAMEWORK_HEADER = YES;
				CLANG_WARN_RANGE_LOOP_ANALYSIS = YES;
				CLANG_WARN_STRICT_PROTOTYPES = YES;
				CLANG_WARN_SUSPICIOUS_MOVE = YES;
				CLANG_WARN_UNGUARDED_AVAILABILITY = YES_AGGRESSIVE;
				CLANG_WARN_UNREACHABLE_CODE = YES;
				CLANG_WARN__DUPLICATE_METHOD_MATCH = YES;
				COPY_PHASE_STRIP = NO;
				DEBUG_INFORMATION_FORMAT = dwarf;
				ENABLE_STRICT_OBJC_MSGSEND = YES;
				ENABLE_TESTABILITY = YES;
				GCC_C_LANGUAGE_STANDARD = gnu11;
				GCC_DYNAMIC_NO_PIC = NO;
				GCC_NO_COMMON_BLOCKS = YES;
				GCC_OPTIMIZATION_LEVEL = 0;
				GCC_PREPROCESSOR_DEFINITIONS = (
					"DEBUG=1",
					"$(inherited)",
				);
				GCC_WARN_64_TO_32_BIT_CONVERSION = YES;
				GCC_WARN_ABOUT_RETURN_TYPE = YES_ERROR;
				GCC_WARN_UNDECLARED_SELECTOR = YES;
				GCC_WARN_UNINITIALIZED_AUTOS = YES_AGGRESSIVE;
				GCC_WARN_UNUSED_FUNCTION = YES;
				GCC_WARN_UNUSED_VARIABLE = YES;
				IPHONEOS_DEPLOYMENT_TARGET = 15.5;
				MTL_ENABLE_DEBUG_INFO = INCLUDE_SOURCE;
				MTL_FAST_MATH = YES;
				ONLY_ACTIVE_ARCH = YES;
				SDKROOT = iphoneos;
			};
			name = Debug;
		};
		CDBADF31285A887300085880 /* Release */ = {
			isa = XCBuildConfiguration;
			buildSettings = {
				ALWAYS_SEARCH_USER_PATHS = NO;
				CLANG_ANALYZER_NONNULL = YES;
				CLANG_ANALYZER_NUMBER_OBJECT_CONVERSION = YES_AGGRESSIVE;
				CLANG_CXX_LANGUAGE_STANDARD = "gnu++17";
				CLANG_ENABLE_MODULES = YES;
				CLANG_ENABLE_OBJC_ARC = YES;
				CLANG_ENABLE_OBJC_WEAK = YES;
				CLANG_WARN_BLOCK_CAPTURE_AUTORELEASING = YES;
				CLANG_WARN_BOOL_CONVERSION = YES;
				CLANG_WARN_COMMA = YES;
				CLANG_WARN_CONSTANT_CONVERSION = YES;
				CLANG_WARN_DEPRECATED_OBJC_IMPLEMENTATIONS = YES;
				CLANG_WARN_DIRECT_OBJC_ISA_USAGE = YES_ERROR;
				CLANG_WARN_DOCUMENTATION_COMMENTS = YES;
				CLANG_WARN_EMPTY_BODY = YES;
				CLANG_WARN_ENUM_CONVERSION = YES;
				CLANG_WARN_INFINITE_RECURSION = YES;
				CLANG_WARN_INT_CONVERSION = YES;
				CLANG_WARN_NON_LITERAL_NULL_CONVERSION = YES;
				CLANG_WARN_OBJC_IMPLICIT_RETAIN_SELF = YES;
				CLANG_WARN_OBJC_LITERAL_CONVERSION = YES;
				CLANG_WARN_OBJC_ROOT_CLASS = YES_ERROR;
				CLANG_WARN_QUOTED_INCLUDE_IN_FRAMEWORK_HEADER = YES;
				CLANG_WARN_RANGE_LOOP_ANALYSIS = YES;
				CLANG_WARN_STRICT_PROTOTYPES = YES;
				CLANG_WARN_SUSPICIOUS_MOVE = YES;
				CLANG_WARN_UNGUARDED_AVAILABILITY = YES_AGGRESSIVE;
				CLANG_WARN_UNREACHABLE_CODE = YES;
				CLANG_WARN__DUPLICATE_METHOD_MATCH = YES;
				COPY_PHASE_STRIP = NO;
				DEBUG_INFORMATION_FORMAT = "dwarf-with-dsym";
				ENABLE_NS_ASSERTIONS = NO;
				ENABLE_STRICT_OBJC_MSGSEND = YES;
				GCC_C_LANGUAGE_STANDARD = gnu11;
				GCC_NO_COMMON_BLOCKS = YES;
				GCC_WARN_64_TO_32_BIT_CONVERSION = YES;
				GCC_WARN_ABOUT_RETURN_TYPE = YES_ERROR;
				GCC_WARN_UNDECLARED_SELECTOR = YES;
				GCC_WARN_UNINITIALIZED_AUTOS = YES_AGGRESSIVE;
				GCC_WARN_UNUSED_FUNCTION = YES;
				GCC_WARN_UNUSED_VARIABLE = YES;
				IPHONEOS_DEPLOYMENT_TARGET = 15.5;
				MTL_ENABLE_DEBUG_INFO = NO;
				MTL_FAST_MATH = YES;
				SDKROOT = iphoneos;
				VALIDATE_PRODUCT = YES;
			};
			name = Release;
		};
		CDBADF33285A887300085880 /* Debug */ = {
			isa = XCBuildConfiguration;
			baseConfigurationReference = 4FB00BD69B6914A6C4BC4831 /* Pods-Tumblr.debug.xcconfig */;
			buildSettings = {
				ASSETCATALOG_COMPILER_APPICON_NAME = AppIcon;
				ASSETCATALOG_COMPILER_GLOBAL_ACCENT_COLOR_NAME = AccentColor;
				CODE_SIGN_STYLE = Automatic;
				CURRENT_PROJECT_VERSION = 1;
				DEVELOPMENT_TEAM = YUKHUGJ83N;
				GENERATE_INFOPLIST_FILE = YES;
				INFOPLIST_FILE = Tumblr/Info.plist;
				INFOPLIST_KEY_UIApplicationSupportsIndirectInputEvents = YES;
				INFOPLIST_KEY_UILaunchStoryboardName = LaunchScreen;
				INFOPLIST_KEY_UIMainStoryboardFile = Main;
				INFOPLIST_KEY_UISupportedInterfaceOrientations_iPad = "UIInterfaceOrientationPortrait UIInterfaceOrientationPortraitUpsideDown UIInterfaceOrientationLandscapeLeft UIInterfaceOrientationLandscapeRight";
				INFOPLIST_KEY_UISupportedInterfaceOrientations_iPhone = "UIInterfaceOrientationPortrait UIInterfaceOrientationLandscapeLeft UIInterfaceOrientationLandscapeRight";
				LD_RUNPATH_SEARCH_PATHS = (
					"$(inherited)",
					"@executable_path/Frameworks",
				);
				MARKETING_VERSION = 1.0;
				PRODUCT_BUNDLE_IDENTIFIER = com.meta.Tumblr;
				PRODUCT_NAME = "$(TARGET_NAME)";
				SWIFT_EMIT_LOC_STRINGS = YES;
				TARGETED_DEVICE_FAMILY = "1,2";
			};
			name = Debug;
		};
		CDBADF34285A887300085880 /* Release */ = {
			isa = XCBuildConfiguration;
			baseConfigurationReference = 22105E180FB56685F0AB3110 /* Pods-Tumblr.release.xcconfig */;
			buildSettings = {
				ASSETCATALOG_COMPILER_APPICON_NAME = AppIcon;
				ASSETCATALOG_COMPILER_GLOBAL_ACCENT_COLOR_NAME = AccentColor;
				CODE_SIGN_STYLE = Automatic;
				CURRENT_PROJECT_VERSION = 1;
				DEVELOPMENT_TEAM = YUKHUGJ83N;
				GENERATE_INFOPLIST_FILE = YES;
				INFOPLIST_FILE = Tumblr/Info.plist;
				INFOPLIST_KEY_UIApplicationSupportsIndirectInputEvents = YES;
				INFOPLIST_KEY_UILaunchStoryboardName = LaunchScreen;
				INFOPLIST_KEY_UIMainStoryboardFile = Main;
				INFOPLIST_KEY_UISupportedInterfaceOrientations_iPad = "UIInterfaceOrientationPortrait UIInterfaceOrientationPortraitUpsideDown UIInterfaceOrientationLandscapeLeft UIInterfaceOrientationLandscapeRight";
				INFOPLIST_KEY_UISupportedInterfaceOrientations_iPhone = "UIInterfaceOrientationPortrait UIInterfaceOrientationLandscapeLeft UIInterfaceOrientationLandscapeRight";
				LD_RUNPATH_SEARCH_PATHS = (
					"$(inherited)",
					"@executable_path/Frameworks",
				);
				MARKETING_VERSION = 1.0;
				PRODUCT_BUNDLE_IDENTIFIER = com.meta.Tumblr;
				PRODUCT_NAME = "$(TARGET_NAME)";
				SWIFT_EMIT_LOC_STRINGS = YES;
				TARGETED_DEVICE_FAMILY = "1,2";
			};
			name = Release;
		};
		CDBADF36285A887300085880 /* Debug */ = {
			isa = XCBuildConfiguration;
			baseConfigurationReference = 8B5F7442E9990EAC7A57EC95 /* Pods-TumblrTests.debug.xcconfig */;
			buildSettings = {
				BUNDLE_LOADER = "$(TEST_HOST)";
				CODE_SIGN_STYLE = Automatic;
				CURRENT_PROJECT_VERSION = 1;
				DEVELOPMENT_TEAM = YUKHUGJ83N;
				GENERATE_INFOPLIST_FILE = YES;
				IPHONEOS_DEPLOYMENT_TARGET = 15.5;
				MARKETING_VERSION = 1.0;
				PRODUCT_BUNDLE_IDENTIFIER = com.meta.TumblrTests;
				PRODUCT_NAME = "$(TARGET_NAME)";
				SWIFT_EMIT_LOC_STRINGS = NO;
				TARGETED_DEVICE_FAMILY = "1,2";
				TEST_HOST = "$(BUILT_PRODUCTS_DIR)/Tumblr.app/Tumblr";
			};
			name = Debug;
		};
		CDBADF37285A887300085880 /* Release */ = {
			isa = XCBuildConfiguration;
			baseConfigurationReference = 08BA49A44EDAB5934C4CB9C4 /* Pods-TumblrTests.release.xcconfig */;
			buildSettings = {
				BUNDLE_LOADER = "$(TEST_HOST)";
				CODE_SIGN_STYLE = Automatic;
				CURRENT_PROJECT_VERSION = 1;
				DEVELOPMENT_TEAM = YUKHUGJ83N;
				GENERATE_INFOPLIST_FILE = YES;
				IPHONEOS_DEPLOYMENT_TARGET = 15.5;
				MARKETING_VERSION = 1.0;
				PRODUCT_BUNDLE_IDENTIFIER = com.meta.TumblrTests;
				PRODUCT_NAME = "$(TARGET_NAME)";
				SWIFT_EMIT_LOC_STRINGS = NO;
				TARGETED_DEVICE_FAMILY = "1,2";
				TEST_HOST = "$(BUILT_PRODUCTS_DIR)/Tumblr.app/Tumblr";
			};
			name = Release;
		};
		CDBADF39285A887300085880 /* Debug */ = {
			isa = XCBuildConfiguration;
			baseConfigurationReference = 9A9838558BFCE1CF0F5699D2 /* Pods-Tumblr-TumblrUITests.debug.xcconfig */;
			buildSettings = {
				CODE_SIGN_STYLE = Automatic;
				CURRENT_PROJECT_VERSION = 1;
				DEVELOPMENT_TEAM = YUKHUGJ83N;
				GENERATE_INFOPLIST_FILE = YES;
				MARKETING_VERSION = 1.0;
				PRODUCT_BUNDLE_IDENTIFIER = com.meta.TumblrUITests;
				PRODUCT_NAME = "$(TARGET_NAME)";
				SWIFT_EMIT_LOC_STRINGS = NO;
				TARGETED_DEVICE_FAMILY = "1,2";
				TEST_TARGET_NAME = Tumblr;
			};
			name = Debug;
		};
		CDBADF3A285A887300085880 /* Release */ = {
			isa = XCBuildConfiguration;
			baseConfigurationReference = 83D742FDEFF118AE18E564D5 /* Pods-Tumblr-TumblrUITests.release.xcconfig */;
			buildSettings = {
				CODE_SIGN_STYLE = Automatic;
				CURRENT_PROJECT_VERSION = 1;
				DEVELOPMENT_TEAM = YUKHUGJ83N;
				GENERATE_INFOPLIST_FILE = YES;
				MARKETING_VERSION = 1.0;
				PRODUCT_BUNDLE_IDENTIFIER = com.meta.TumblrUITests;
				PRODUCT_NAME = "$(TARGET_NAME)";
				SWIFT_EMIT_LOC_STRINGS = NO;
				TARGETED_DEVICE_FAMILY = "1,2";
				TEST_TARGET_NAME = Tumblr;
			};
			name = Release;
		};
/* End XCBuildConfiguration section */

/* Begin XCConfigurationList section */
		CDBADEFE285A887200085880 /* Build configuration list for PBXProject "Tumblr" */ = {
			isa = XCConfigurationList;
			buildConfigurations = (
				CDBADF30285A887300085880 /* Debug */,
				CDBADF31285A887300085880 /* Release */,
			);
			defaultConfigurationIsVisible = 0;
			defaultConfigurationName = Release;
		};
		CDBADF32285A887300085880 /* Build configuration list for PBXNativeTarget "Tumblr" */ = {
			isa = XCConfigurationList;
			buildConfigurations = (
				CDBADF33285A887300085880 /* Debug */,
				CDBADF34285A887300085880 /* Release */,
			);
			defaultConfigurationIsVisible = 0;
			defaultConfigurationName = Release;
		};
		CDBADF35285A887300085880 /* Build configuration list for PBXNativeTarget "TumblrTests" */ = {
			isa = XCConfigurationList;
			buildConfigurations = (
				CDBADF36285A887300085880 /* Debug */,
				CDBADF37285A887300085880 /* Release */,
			);
			defaultConfigurationIsVisible = 0;
			defaultConfigurationName = Release;
		};
		CDBADF38285A887300085880 /* Build configuration list for PBXNativeTarget "TumblrUITests" */ = {
			isa = XCConfigurationList;
			buildConfigurations = (
				CDBADF39285A887300085880 /* Debug */,
				CDBADF3A285A887300085880 /* Release */,
			);
			defaultConfigurationIsVisible = 0;
			defaultConfigurationName = Release;
		};
/* End XCConfigurationList section */
	};
	rootObject = CDBADEFB285A887200085880 /* Project object */;
}
