// !$*UTF8*$!
{
	archiveVersion = 1;
	classes = {
	};
	objectVersion = 55;
	objects = {

/* Begin PBXBuildFile section */
		CDBADF08285A887200085880 /* AppDelegate.m in Sources */ = {isa = PBXBuildFile; fileRef = CDBADF07285A887200085880 /* AppDelegate.m */; };
		CDBADF0B285A887200085880 /* SceneDelegate.m in Sources */ = {isa = PBXBuildFile; fileRef = CDBADF0A285A887200085880 /* SceneDelegate.m */; };
		CDBADF0E285A887200085880 /* ViewController.m in Sources */ = {isa = PBXBuildFile; fileRef = CDBADF0D285A887200085880 /* ViewController.m */; };
		CDBADF11285A887200085880 /* Main.storyboard in Resources */ = {isa = PBXBuildFile; fileRef = CDBADF0F285A887200085880 /* Main.storyboard */; };
		CDBADF13285A887300085880 /* Assets.xcassets in Resources */ = {isa = PBXBuildFile; fileRef = CDBADF12285A887300085880 /* Assets.xcassets */; };
		CDBADF16285A887300085880 /* LaunchScreen.storyboard in Resources */ = {isa = PBXBuildFile; fileRef = CDBADF14285A887300085880 /* LaunchScreen.storyboard */; };
		CDBADF19285A887300085880 /* main.m in Sources */ = {isa = PBXBuildFile; fileRef = CDBADF18285A887300085880 /* main.m */; };
		CDBADF23285A887300085880 /* TumblrTests.m in Sources */ = {isa = PBXBuildFile; fileRef = CDBADF22285A887300085880 /* TumblrTests.m */; };
		CDBADF2D285A887300085880 /* TumblrUITests.m in Sources */ = {isa = PBXBuildFile; fileRef = CDBADF2C285A887300085880 /* TumblrUITests.m */; };
		CDBADF2F285A887300085880 /* TumblrUITestsLaunchTests.m in Sources */ = {isa = PBXBuildFile; fileRef = CDBADF2E285A887300085880 /* TumblrUITestsLaunchTests.m */; };
/* End PBXBuildFile section */

/* Begin PBXContainerItemProxy section */
		CDBADF1F285A887300085880 /* PBXContainerItemProxy */ = {
			isa = PBXContainerItemProxy;
			containerPortal = CDBADEFB285A887200085880 /* Project object */;
			proxyType = 1;
			remoteGlobalIDString = CDBADF02285A887200085880;
			remoteInfo = Tumblr;
		};
		CDBADF29285A887300085880 /* PBXContainerItemProxy */ = {
			isa = PBXContainerItemProxy;
			containerPortal = CDBADEFB285A887200085880 /* Project object */;
			proxyType = 1;
			remoteGlobalIDString = CDBADF02285A887200085880;
			remoteInfo = Tumblr;
		};
/* End PBXContainerItemProxy section */

/* Begin PBXFileReference section */
		CDBADF03285A887200085880 /* Tumblr.app */ = {isa = PBXFileReference; explicitFileType = wrapper.application; includeInIndex = 0; path = Tumblr.app; sourceTree = BUILT_PRODUCTS_DIR; };
		CDBADF06285A887200085880 /* AppDelegate.h */ = {isa = PBXFileReference; lastKnownFileType = sourcecode.c.h; path = AppDelegate.h; sourceTree = "<group>"; };
		CDBADF07285A887200085880 /* AppDelegate.m */ = {isa = PBXFileReference; lastKnownFileType = sourcecode.c.objc; path = AppDelegate.m; sourceTree = "<group>"; };
		CDBADF09285A887200085880 /* SceneDelegate.h */ = {isa = PBXFileReference; lastKnownFileType = sourcecode.c.h; path = SceneDelegate.h; sourceTree = "<group>"; };
		CDBADF0A285A887200085880 /* SceneDelegate.m */ = {isa = PBXFileReference; lastKnownFileType = sourcecode.c.objc; path = SceneDelegate.m; sourceTree = "<group>"; };
		CDBADF0C285A887200085880 /* ViewController.h */ = {isa = PBXFileReference; lastKnownFileType = sourcecode.c.h; path = ViewController.h; sourceTree = "<group>"; };
		CDBADF0D285A887200085880 /* ViewController.m */ = {isa = PBXFileReference; lastKnownFileType = sourcecode.c.objc; path = ViewController.m; sourceTree = "<group>"; };
		CDBADF10285A887200085880 /* Base */ = {isa = PBXFileReference; lastKnownFileType = file.storyboard; name = Base; path = Base.lproj/Main.storyboard; sourceTree = "<group>"; };
		CDBADF12285A887300085880 /* Assets.xcassets */ = {isa = PBXFileReference; lastKnownFileType = folder.assetcatalog; path = Assets.xcassets; sourceTree = "<group>"; };
		CDBADF15285A887300085880 /* Base */ = {isa = PBXFileReference; lastKnownFileType = file.storyboard; name = Base; path = Base.lproj/LaunchScreen.storyboard; sourceTree = "<group>"; };
		CDBADF17285A887300085880 /* Info.plist */ = {isa = PBXFileReference; lastKnownFileType = text.plist.xml; path = Info.plist; sourceTree = "<group>"; };
		CDBADF18285A887300085880 /* main.m */ = {isa = PBXFileReference; lastKnownFileType = sourcecode.c.objc; path = main.m; sourceTree = "<group>"; };
		CDBADF1E285A887300085880 /* TumblrTests.xctest */ = {isa = PBXFileReference; explicitFileType = wrapper.cfbundle; includeInIndex = 0; path = TumblrTests.xctest; sourceTree = BUILT_PRODUCTS_DIR; };
		CDBADF22285A887300085880 /* TumblrTests.m */ = {isa = PBXFileReference; lastKnownFileType = sourcecode.c.objc; path = TumblrTests.m; sourceTree = "<group>"; };
		CDBADF28285A887300085880 /* TumblrUITests.xctest */ = {isa = PBXFileReference; explicitFileType = wrapper.cfbundle; includeInIndex = 0; path = TumblrUITests.xctest; sourceTree = BUILT_PRODUCTS_DIR; };
		CDBADF2C285A887300085880 /* TumblrUITests.m */ = {isa = PBXFileReference; lastKnownFileType = sourcecode.c.objc; path = TumblrUITests.m; sourceTree = "<group>"; };
		CDBADF2E285A887300085880 /* TumblrUITestsLaunchTests.m */ = {isa = PBXFileReference; lastKnownFileType = sourcecode.c.objc; path = TumblrUITestsLaunchTests.m; sourceTree = "<group>"; };
/* End PBXFileReference section */

/* Begin PBXFrameworksBuildPhase section */
		CDBADF00285A887200085880 /* Frameworks */ = {
			isa = PBXFrameworksBuildPhase;
			buildActionMask = 2147483647;
			files = (
			);
			runOnlyForDeploymentPostprocessing = 0;
		};
		CDBADF1B285A887300085880 /* Frameworks */ = {
			isa = PBXFrameworksBuildPhase;
			buildActionMask = 2147483647;
			files = (
			);
			runOnlyForDeploymentPostprocessing = 0;
		};
		CDBADF25285A887300085880 /* Frameworks */ = {
			isa = PBXFrameworksBuildPhase;
			buildActionMask = 2147483647;
			files = (
			);
			runOnlyForDeploymentPostprocessing = 0;
		};
/* End PBXFrameworksBuildPhase section */

/* Begin PBXGroup section */
		CDBADEFA285A887200085880 = {
			isa = PBXGroup;
			children = (
				CDBADF05285A887200085880 /* Tumblr */,
				CDBADF21285A887300085880 /* TumblrTests */,
				CDBADF2B285A887300085880 /* TumblrUITests */,
				CDBADF04285A887200085880 /* Products */,
			);
			sourceTree = "<group>";
		};
		CDBADF04285A887200085880 /* Products */ = {
			isa = PBXGroup;
			children = (
				CDBADF03285A887200085880 /* Tumblr.app */,
				CDBADF1E285A887300085880 /* TumblrTests.xctest */,
				CDBADF28285A887300085880 /* TumblrUITests.xctest */,
			);
			name = Products;
			sourceTree = "<group>";
		};
		CDBADF05285A887200085880 /* Tumblr */ = {
			isa = PBXGroup;
			children = (
				CDBADF06285A887200085880 /* AppDelegate.h */,
				CDBADF07285A887200085880 /* AppDelegate.m */,
				CDBADF09285A887200085880 /* SceneDelegate.h */,
				CDBADF0A285A887200085880 /* SceneDelegate.m */,
				CDBADF0C285A887200085880 /* ViewController.h */,
				CDBADF0D285A887200085880 /* ViewController.m */,
				CDBADF0F285A887200085880 /* Main.storyboard */,
				CDBADF12285A887300085880 /* Assets.xcassets */,
				CDBADF14285A887300085880 /* LaunchScreen.storyboard */,
				CDBADF17285A887300085880 /* Info.plist */,
				CDBADF18285A887300085880 /* main.m */,
			);
			path = Tumblr;
			sourceTree = "<group>";
		};
		CDBADF21285A887300085880 /* TumblrTests */ = {
			isa = PBXGroup;
			children = (
				CDBADF22285A887300085880 /* TumblrTests.m */,
			);
			path = TumblrTests;
			sourceTree = "<group>";
		};
		CDBADF2B285A887300085880 /* TumblrUITests */ = {
			isa = PBXGroup;
			children = (
				CDBADF2C285A887300085880 /* TumblrUITests.m */,
				CDBADF2E285A887300085880 /* TumblrUITestsLaunchTests.m */,
			);
			path = TumblrUITests;
			sourceTree = "<group>";
		};
/* End PBXGroup section */

/* Begin PBXNativeTarget section */
		CDBADF02285A887200085880 /* Tumblr */ = {
			isa = PBXNativeTarget;
			buildConfigurationList = CDBADF32285A887300085880 /* Build configuration list for PBXNativeTarget "Tumblr" */;
			buildPhases = (
				CDBADEFF285A887200085880 /* Sources */,
				CDBADF00285A887200085880 /* Frameworks */,
				CDBADF01285A887200085880 /* Resources */,
			);
			buildRules = (
			);
			dependencies = (
			);
			name = Tumblr;
			productName = Tumblr;
			productReference = CDBADF03285A887200085880 /* Tumblr.app */;
			productType = "com.apple.product-type.application";
		};
		CDBADF1D285A887300085880 /* TumblrTests */ = {
			isa = PBXNativeTarget;
			buildConfigurationList = CDBADF35285A887300085880 /* Build configuration list for PBXNativeTarget "TumblrTests" */;
			buildPhases = (
				CDBADF1A285A887300085880 /* Sources */,
				CDBADF1B285A887300085880 /* Frameworks */,
				CDBADF1C285A887300085880 /* Resources */,
			);
			buildRules = (
			);
			dependencies = (
				CDBADF20285A887300085880 /* PBXTargetDependency */,
			);
			name = TumblrTests;
			productName = TumblrTests;
			productReference = CDBADF1E285A887300085880 /* TumblrTests.xctest */;
			productType = "com.apple.product-type.bundle.unit-test";
		};
		CDBADF27285A887300085880 /* TumblrUITests */ = {
			isa = PBXNativeTarget;
			buildConfigurationList = CDBADF38285A887300085880 /* Build configuration list for PBXNativeTarget "TumblrUITests" */;
			buildPhases = (
				CDBADF24285A887300085880 /* Sources */,
				CDBADF25285A887300085880 /* Frameworks */,
				CDBADF26285A887300085880 /* Resources */,
			);
			buildRules = (
			);
			dependencies = (
				CDBADF2A285A887300085880 /* PBXTargetDependency */,
			);
			name = TumblrUITests;
			productName = TumblrUITests;
			productReference = CDBADF28285A887300085880 /* TumblrUITests.xctest */;
			productType = "com.apple.product-type.bundle.ui-testing";
		};
/* End PBXNativeTarget section */

/* Begin PBXProject section */
		CDBADEFB285A887200085880 /* Project object */ = {
			isa = PBXProject;
			attributes = {
				BuildIndependentTargetsInParallel = 1;
				LastUpgradeCheck = 1340;
				TargetAttributes = {
					CDBADF02285A887200085880 = {
						CreatedOnToolsVersion = 13.4.1;
					};
					CDBADF1D285A887300085880 = {
						CreatedOnToolsVersion = 13.4.1;
						TestTargetID = CDBADF02285A887200085880;
					};
					CDBADF27285A887300085880 = {
						CreatedOnToolsVersion = 13.4.1;
						TestTargetID = CDBADF02285A887200085880;
					};
				};
			};
			buildConfigurationList = CDBADEFE285A887200085880 /* Build configuration list for PBXProject "Tumblr" */;
			compatibilityVersion = "Xcode 13.0";
			developmentRegion = en;
			hasScannedForEncodings = 0;
			knownRegions = (
				en,
				Base,
			);
			mainGroup = CDBADEFA285A887200085880;
			productRefGroup = CDBADF04285A887200085880 /* Products */;
			projectDirPath = "";
			projectRoot = "";
			targets = (
				CDBADF02285A887200085880 /* Tumblr */,
				CDBADF1D285A887300085880 /* TumblrTests */,
				CDBADF27285A887300085880 /* TumblrUITests */,
			);
		};
/* End PBXProject section */

/* Begin PBXResourcesBuildPhase section */
		CDBADF01285A887200085880 /* Resources */ = {
			isa = PBXResourcesBuildPhase;
			buildActionMask = 2147483647;
			files = (
				CDBADF16285A887300085880 /* LaunchScreen.storyboard in Resources */,
				CDBADF13285A887300085880 /* Assets.xcassets in Resources */,
				CDBADF11285A887200085880 /* Main.storyboard in Resources */,
			);
			runOnlyForDeploymentPostprocessing = 0;
		};
		CDBADF1C285A887300085880 /* Resources */ = {
			isa = PBXResourcesBuildPhase;
			buildActionMask = 2147483647;
			files = (
			);
			runOnlyForDeploymentPostprocessing = 0;
		};
		CDBADF26285A887300085880 /* Resources */ = {
			isa = PBXResourcesBuildPhase;
			buildActionMask = 2147483647;
			files = (
			);
			runOnlyForDeploymentPostprocessing = 0;
		};
/* End PBXResourcesBuildPhase section */

/* Begin PBXSourcesBuildPhase section */
		CDBADEFF285A887200085880 /* Sources */ = {
			isa = PBXSourcesBuildPhase;
			buildActionMask = 2147483647;
			files = (
				CDBADF0E285A887200085880 /* ViewController.m in Sources */,
				CDBADF08285A887200085880 /* AppDelegate.m in Sources */,
				CDBADF19285A887300085880 /* main.m in Sources */,
				CDBADF0B285A887200085880 /* SceneDelegate.m in Sources */,
			);
			runOnlyForDeploymentPostprocessing = 0;
		};
		CDBADF1A285A887300085880 /* Sources */ = {
			isa = PBXSourcesBuildPhase;
			buildActionMask = 2147483647;
			files = (
				CDBADF23285A887300085880 /* TumblrTests.m in Sources */,
			);
			runOnlyForDeploymentPostprocessing = 0;
		};
		CDBADF24285A887300085880 /* Sources */ = {
			isa = PBXSourcesBuildPhase;
			buildActionMask = 2147483647;
			files = (
				CDBADF2F285A887300085880 /* TumblrUITestsLaunchTests.m in Sources */,
				CDBADF2D285A887300085880 /* TumblrUITests.m in Sources */,
			);
			runOnlyForDeploymentPostprocessing = 0;
		};
/* End PBXSourcesBuildPhase section */

/* Begin PBXTargetDependency section */
		CDBADF20285A887300085880 /* PBXTargetDependency */ = {
			isa = PBXTargetDependency;
			target = CDBADF02285A887200085880 /* Tumblr */;
			targetProxy = CDBADF1F285A887300085880 /* PBXContainerItemProxy */;
		};
		CDBADF2A285A887300085880 /* PBXTargetDependency */ = {
			isa = PBXTargetDependency;
			target = CDBADF02285A887200085880 /* Tumblr */;
			targetProxy = CDBADF29285A887300085880 /* PBXContainerItemProxy */;
		};
/* End PBXTargetDependency section */

/* Begin PBXVariantGroup section */
		CDBADF0F285A887200085880 /* Main.storyboard */ = {
			isa = PBXVariantGroup;
			children = (
				CDBADF10285A887200085880 /* Base */,
			);
			name = Main.storyboard;
			sourceTree = "<group>";
		};
		CDBADF14285A887300085880 /* LaunchScreen.storyboard */ = {
			isa = PBXVariantGroup;
			children = (
				CDBADF15285A887300085880 /* Base */,
			);
			name = LaunchScreen.storyboard;
			sourceTree = "<group>";
		};
/* End PBXVariantGroup section */

/* Begin XCBuildConfiguration section */
		CDBADF30285A887300085880 /* Debug */ = {
			isa = XCBuildConfiguration;
			buildSettings = {
				ALWAYS_SEARCH_USER_PATHS = NO;
				CLANG_ANALYZER_NONNULL = YES;
				CLANG_ANALYZER_NUMBER_OBJECT_CONVERSION = YES_AGGRESSIVE;
				CLANG_CXX_LANGUAGE_STANDARD = "gnu++17";
				CLANG_ENABLE_MODULES = YES;
				CLANG_ENABLE_OBJC_ARC = YES;
				CLANG_ENABLE_OBJC_WEAK = YES;
				CLANG_WARN_BLOCK_CAPTURE_AUTORELEASING = YES;
				CLANG_WARN_BOOL_CONVERSION = YES;
				CLANG_WARN_COMMA = YES;
				CLANG_WARN_CONSTANT_CONVERSION = YES;
				CLANG_WARN_DEPRECATED_OBJC_IMPLEMENTATIONS = YES;
				CLANG_WARN_DIRECT_OBJC_ISA_USAGE = YES_ERROR;
				CLANG_WARN_DOCUMENTATION_COMMENTS = YES;
				CLANG_WARN_EMPTY_BODY = YES;
				CLANG_WARN_ENUM_CONVERSION = YES;
				CLANG_WARN_INFINITE_RECURSION = YES;
				CLANG_WARN_INT_CONVERSION = YES;
				CLANG_WARN_NON_LITERAL_NULL_CONVERSION = YES;
				CLANG_WARN_OBJC_IMPLICIT_RETAIN_SELF = YES;
				CLANG_WARN_OBJC_LITERAL_CONVERSION = YES;
				CLANG_WARN_OBJC_ROOT_CLASS = YES_ERROR;
				CLANG_WARN_QUOTED_INCLUDE_IN_FRAMEWORK_HEADER = YES;
				CLANG_WARN_RANGE_LOOP_ANALYSIS = YES;
				CLANG_WARN_STRICT_PROTOTYPES = YES;
				CLANG_WARN_SUSPICIOUS_MOVE = YES;
				CLANG_WARN_UNGUARDED_AVAILABILITY = YES_AGGRESSIVE;
				CLANG_WARN_UNREACHABLE_CODE = YES;
				CLANG_WARN__DUPLICATE_METHOD_MATCH = YES;
				COPY_PHASE_STRIP = NO;
				DEBUG_INFORMATION_FORMAT = dwarf;
				ENABLE_STRICT_OBJC_MSGSEND = YES;
				ENABLE_TESTABILITY = YES;
				GCC_C_LANGUAGE_STANDARD = gnu11;
				GCC_DYNAMIC_NO_PIC = NO;
				GCC_NO_COMMON_BLOCKS = YES;
				GCC_OPTIMIZATION_LEVEL = 0;
				GCC_PREPROCESSOR_DEFINITIONS = (
					"DEBUG=1",
					"$(inherited)",
				);
				GCC_WARN_64_TO_32_BIT_CONVERSION = YES;
				GCC_WARN_ABOUT_RETURN_TYPE = YES_ERROR;
				GCC_WARN_UNDECLARED_SELECTOR = YES;
				GCC_WARN_UNINITIALIZED_AUTOS = YES_AGGRESSIVE;
				GCC_WARN_UNUSED_FUNCTION = YES;
				GCC_WARN_UNUSED_VARIABLE = YES;
				IPHONEOS_DEPLOYMENT_TARGET = 15.5;
				MTL_ENABLE_DEBUG_INFO = INCLUDE_SOURCE;
				MTL_FAST_MATH = YES;
				ONLY_ACTIVE_ARCH = YES;
				SDKROOT = iphoneos;
			};
			name = Debug;
		};
		CDBADF31285A887300085880 /* Release */ = {
			isa = XCBuildConfiguration;
			buildSettings = {
				ALWAYS_SEARCH_USER_PATHS = NO;
				CLANG_ANALYZER_NONNULL = YES;
				CLANG_ANALYZER_NUMBER_OBJECT_CONVERSION = YES_AGGRESSIVE;
				CLANG_CXX_LANGUAGE_STANDARD = "gnu++17";
				CLANG_ENABLE_MODULES = YES;
				CLANG_ENABLE_OBJC_ARC = YES;
				CLANG_ENABLE_OBJC_WEAK = YES;
				CLANG_WARN_BLOCK_CAPTURE_AUTORELEASING = YES;
				CLANG_WARN_BOOL_CONVERSION = YES;
				CLANG_WARN_COMMA = YES;
				CLANG_WARN_CONSTANT_CONVERSION = YES;
				CLANG_WARN_DEPRECATED_OBJC_IMPLEMENTATIONS = YES;
				CLANG_WARN_DIRECT_OBJC_ISA_USAGE = YES_ERROR;
				CLANG_WARN_DOCUMENTATION_COMMENTS = YES;
				CLANG_WARN_EMPTY_BODY = YES;
				CLANG_WARN_ENUM_CONVERSION = YES;
				CLANG_WARN_INFINITE_RECURSION = YES;
				CLANG_WARN_INT_CONVERSION = YES;
				CLANG_WARN_NON_LITERAL_NULL_CONVERSION = YES;
				CLANG_WARN_OBJC_IMPLICIT_RETAIN_SELF = YES;
				CLANG_WARN_OBJC_LITERAL_CONVERSION = YES;
				CLANG_WARN_OBJC_ROOT_CLASS = YES_ERROR;
				CLANG_WARN_QUOTED_INCLUDE_IN_FRAMEWORK_HEADER = YES;
				CLANG_WARN_RANGE_LOOP_ANALYSIS = YES;
				CLANG_WARN_STRICT_PROTOTYPES = YES;
				CLANG_WARN_SUSPICIOUS_MOVE = YES;
				CLANG_WARN_UNGUARDED_AVAILABILITY = YES_AGGRESSIVE;
				CLANG_WARN_UNREACHABLE_CODE = YES;
				CLANG_WARN__DUPLICATE_METHOD_MATCH = YES;
				COPY_PHASE_STRIP = NO;
				DEBUG_INFORMATION_FORMAT = "dwarf-with-dsym";
				ENABLE_NS_ASSERTIONS = NO;
				ENABLE_STRICT_OBJC_MSGSEND = YES;
				GCC_C_LANGUAGE_STANDARD = gnu11;
				GCC_NO_COMMON_BLOCKS = YES;
				GCC_WARN_64_TO_32_BIT_CONVERSION = YES;
				GCC_WARN_ABOUT_RETURN_TYPE = YES_ERROR;
				GCC_WARN_UNDECLARED_SELECTOR = YES;
				GCC_WARN_UNINITIALIZED_AUTOS = YES_AGGRESSIVE;
				GCC_WARN_UNUSED_FUNCTION = YES;
				GCC_WARN_UNUSED_VARIABLE = YES;
				IPHONEOS_DEPLOYMENT_TARGET = 15.5;
				MTL_ENABLE_DEBUG_INFO = NO;
				MTL_FAST_MATH = YES;
				SDKROOT = iphoneos;
				VALIDATE_PRODUCT = YES;
			};
			name = Release;
		};
		CDBADF33285A887300085880 /* Debug */ = {
			isa = XCBuildConfiguration;
			buildSettings = {
				ASSETCATALOG_COMPILER_APPICON_NAME = AppIcon;
				ASSETCATALOG_COMPILER_GLOBAL_ACCENT_COLOR_NAME = AccentColor;
				CODE_SIGN_STYLE = Automatic;
				CURRENT_PROJECT_VERSION = 1;
				DEVELOPMENT_TEAM = YUKHUGJ83N;
				GENERATE_INFOPLIST_FILE = YES;
				INFOPLIST_FILE = Tumblr/Info.plist;
				INFOPLIST_KEY_UIApplicationSupportsIndirectInputEvents = YES;
				INFOPLIST_KEY_UILaunchStoryboardName = LaunchScreen;
				INFOPLIST_KEY_UIMainStoryboardFile = Main;
				INFOPLIST_KEY_UISupportedInterfaceOrientations_iPad = "UIInterfaceOrientationPortrait UIInterfaceOrientationPortraitUpsideDown UIInterfaceOrientationLandscapeLeft UIInterfaceOrientationLandscapeRight";
				INFOPLIST_KEY_UISupportedInterfaceOrientations_iPhone = "UIInterfaceOrientationPortrait UIInterfaceOrientationLandscapeLeft UIInterfaceOrientationLandscapeRight";
				LD_RUNPATH_SEARCH_PATHS = (
					"$(inherited)",
					"@executable_path/Frameworks",
				);
				MARKETING_VERSION = 1.0;
				PRODUCT_BUNDLE_IDENTIFIER = com.meta.Tumblr;
				PRODUCT_NAME = "$(TARGET_NAME)";
				SWIFT_EMIT_LOC_STRINGS = YES;
				TARGETED_DEVICE_FAMILY = "1,2";
			};
			name = Debug;
		};
		CDBADF34285A887300085880 /* Release */ = {
			isa = XCBuildConfiguration;
			buildSettings = {
				ASSETCATALOG_COMPILER_APPICON_NAME = AppIcon;
				ASSETCATALOG_COMPILER_GLOBAL_ACCENT_COLOR_NAME = AccentColor;
				CODE_SIGN_STYLE = Automatic;
				CURRENT_PROJECT_VERSION = 1;
				DEVELOPMENT_TEAM = YUKHUGJ83N;
				GENERATE_INFOPLIST_FILE = YES;
				INFOPLIST_FILE = Tumblr/Info.plist;
				INFOPLIST_KEY_UIApplicationSupportsIndirectInputEvents = YES;
				INFOPLIST_KEY_UILaunchStoryboardName = LaunchScreen;
				INFOPLIST_KEY_UIMainStoryboardFile = Main;
				INFOPLIST_KEY_UISupportedInterfaceOrientations_iPad = "UIInterfaceOrientationPortrait UIInterfaceOrientationPortraitUpsideDown UIInterfaceOrientationLandscapeLeft UIInterfaceOrientationLandscapeRight";
				INFOPLIST_KEY_UISupportedInterfaceOrientations_iPhone = "UIInterfaceOrientationPortrait UIInterfaceOrientationLandscapeLeft UIInterfaceOrientationLandscapeRight";
				LD_RUNPATH_SEARCH_PATHS = (
					"$(inherited)",
					"@executable_path/Frameworks",
				);
				MARKETING_VERSION = 1.0;
				PRODUCT_BUNDLE_IDENTIFIER = com.meta.Tumblr;
				PRODUCT_NAME = "$(TARGET_NAME)";
				SWIFT_EMIT_LOC_STRINGS = YES;
				TARGETED_DEVICE_FAMILY = "1,2";
			};
			name = Release;
		};
		CDBADF36285A887300085880 /* Debug */ = {
			isa = XCBuildConfiguration;
			buildSettings = {
				BUNDLE_LOADER = "$(TEST_HOST)";
				CODE_SIGN_STYLE = Automatic;
				CURRENT_PROJECT_VERSION = 1;
				DEVELOPMENT_TEAM = YUKHUGJ83N;
				GENERATE_INFOPLIST_FILE = YES;
				IPHONEOS_DEPLOYMENT_TARGET = 15.5;
				MARKETING_VERSION = 1.0;
				PRODUCT_BUNDLE_IDENTIFIER = com.meta.TumblrTests;
				PRODUCT_NAME = "$(TARGET_NAME)";
				SWIFT_EMIT_LOC_STRINGS = NO;
				TARGETED_DEVICE_FAMILY = "1,2";
				TEST_HOST = "$(BUILT_PRODUCTS_DIR)/Tumblr.app/Tumblr";
			};
			name = Debug;
		};
		CDBADF37285A887300085880 /* Release */ = {
			isa = XCBuildConfiguration;
			buildSettings = {
				BUNDLE_LOADER = "$(TEST_HOST)";
				CODE_SIGN_STYLE = Automatic;
				CURRENT_PROJECT_VERSION = 1;
				DEVELOPMENT_TEAM = YUKHUGJ83N;
				GENERATE_INFOPLIST_FILE = YES;
				IPHONEOS_DEPLOYMENT_TARGET = 15.5;
				MARKETING_VERSION = 1.0;
				PRODUCT_BUNDLE_IDENTIFIER = com.meta.TumblrTests;
				PRODUCT_NAME = "$(TARGET_NAME)";
				SWIFT_EMIT_LOC_STRINGS = NO;
				TARGETED_DEVICE_FAMILY = "1,2";
				TEST_HOST = "$(BUILT_PRODUCTS_DIR)/Tumblr.app/Tumblr";
			};
			name = Release;
		};
		CDBADF39285A887300085880 /* Debug */ = {
			isa = XCBuildConfiguration;
			buildSettings = {
				CODE_SIGN_STYLE = Automatic;
				CURRENT_PROJECT_VERSION = 1;
				DEVELOPMENT_TEAM = YUKHUGJ83N;
				GENERATE_INFOPLIST_FILE = YES;
				MARKETING_VERSION = 1.0;
				PRODUCT_BUNDLE_IDENTIFIER = com.meta.TumblrUITests;
				PRODUCT_NAME = "$(TARGET_NAME)";
				SWIFT_EMIT_LOC_STRINGS = NO;
				TARGETED_DEVICE_FAMILY = "1,2";
				TEST_TARGET_NAME = Tumblr;
			};
			name = Debug;
		};
		CDBADF3A285A887300085880 /* Release */ = {
			isa = XCBuildConfiguration;
			buildSettings = {
				CODE_SIGN_STYLE = Automatic;
				CURRENT_PROJECT_VERSION = 1;
				DEVELOPMENT_TEAM = YUKHUGJ83N;
				GENERATE_INFOPLIST_FILE = YES;
				MARKETING_VERSION = 1.0;
				PRODUCT_BUNDLE_IDENTIFIER = com.meta.TumblrUITests;
				PRODUCT_NAME = "$(TARGET_NAME)";
				SWIFT_EMIT_LOC_STRINGS = NO;
				TARGETED_DEVICE_FAMILY = "1,2";
				TEST_TARGET_NAME = Tumblr;
			};
			name = Release;
		};
/* End XCBuildConfiguration section */

/* Begin XCConfigurationList section */
		CDBADEFE285A887200085880 /* Build configuration list for PBXProject "Tumblr" */ = {
			isa = XCConfigurationList;
			buildConfigurations = (
				CDBADF30285A887300085880 /* Debug */,
				CDBADF31285A887300085880 /* Release */,
			);
			defaultConfigurationIsVisible = 0;
			defaultConfigurationName = Release;
		};
		CDBADF32285A887300085880 /* Build configuration list for PBXNativeTarget "Tumblr" */ = {
			isa = XCConfigurationList;
			buildConfigurations = (
				CDBADF33285A887300085880 /* Debug */,
				CDBADF34285A887300085880 /* Release */,
			);
			defaultConfigurationIsVisible = 0;
			defaultConfigurationName = Release;
		};
		CDBADF35285A887300085880 /* Build configuration list for PBXNativeTarget "TumblrTests" */ = {
			isa = XCConfigurationList;
			buildConfigurations = (
				CDBADF36285A887300085880 /* Debug */,
				CDBADF37285A887300085880 /* Release */,
			);
			defaultConfigurationIsVisible = 0;
			defaultConfigurationName = Release;
		};
		CDBADF38285A887300085880 /* Build configuration list for PBXNativeTarget "TumblrUITests" */ = {
			isa = XCConfigurationList;
			buildConfigurations = (
				CDBADF39285A887300085880 /* Debug */,
				CDBADF3A285A887300085880 /* Release */,
			);
			defaultConfigurationIsVisible = 0;
			defaultConfigurationName = Release;
		};
/* End XCConfigurationList section */
	};
	rootObject = CDBADEFB285A887200085880 /* Project object */;
}
